
Microsoft Visual Studio Solution File, Format Version 12.00
# Visual Studio Version 17
VisualStudioVersion = 17.2.32516.85
MinimumVisualStudioVersion = 10.0.40219.1
Project("{FAE04EC0-301F-11D3-BF4B-00C04F79EFBC}") = "ExponentsTable", "ExponentsTable\ExponentsTable.csproj", "{7271FC49-0663-4088-86AE-E3C13768918D}"
EndProject
Global
	GlobalSection(SolutionConfigurationPlatforms) = preSolution
		Debug|Any CPU = Debug|Any CPU
		Release|Any CPU = Release|Any CPU
	EndGlobalSection
	GlobalSection(ProjectConfigurationPlatforms) = postSolution
		{7271FC49-0663-4088-86AE-E3C13768918D}.Debug|Any CPU.ActiveCfg = Debug|Any CPU
		{7271FC49-0663-4088-86AE-E3C13768918D}.Debug|Any CPU.Build.0 = Debug|Any CPU
		{7271FC49-0663-4088-86AE-E3C13768918D}.Release|Any CPU.ActiveCfg = Release|Any CPU
		{7271FC49-0663-4088-86AE-E3C13768918D}.Release|Any CPU.Build.0 = Release|Any CPU
	EndGlobalSection
	GlobalSection(SolutionProperties) = preSolution
		HideSolutionNode = FALSE
	EndGlobalSection
	GlobalSection(ExtensibilityGlobals) = postSolution
		SolutionGuid = {C1021374-DB1F-4927-AED2-29E427296164}
	EndGlobalSection
EndGlobal
